
Microsoft Visual Studio Solution File, Format Version 12.00
# Visual Studio 15
VisualStudioVersion = 15.0.27428.2002
MinimumVisualStudioVersion = 10.0.40219.1
Project("{FAE04EC0-301F-11D3-BF4B-00C04F79EFBC}") = "NSacconAssignment2", "NSacconAssignment1\NSacconAssignment2.csproj", "{D6065873-1916-4E38-BFC7-06E56F87D2D6}"
EndProject
Project("{FAE04EC0-301F-11D3-BF4B-00C04F79EFBC}") = "ArrowControls", "ArrowControls\ArrowControls.csproj", "{C7632EEF-3A8E-463D-A408-19D250F879B9}"
EndProject
Global
	GlobalSection(SolutionConfigurationPlatforms) = preSolution
		Debug|Any CPU = Debug|Any CPU
		Release|Any CPU = Release|Any CPU
	EndGlobalSection
	GlobalSection(ProjectConfigurationPlatforms) = postSolution
		{D6065873-1916-4E38-BFC7-06E56F87D2D6}.Debug|Any CPU.ActiveCfg = Debug|Any CPU
		{D6065873-1916-4E38-BFC7-06E56F87D2D6}.Debug|Any CPU.Build.0 = Debug|Any CPU
		{D6065873-1916-4E38-BFC7-06E56F87D2D6}.Release|Any CPU.ActiveCfg = Release|Any CPU
		{D6065873-1916-4E38-BFC7-06E56F87D2D6}.Release|Any CPU.Build.0 = Release|Any CPU
		{C7632EEF-3A8E-463D-A408-19D250F879B9}.Debug|Any CPU.ActiveCfg = Debug|Any CPU
		{C7632EEF-3A8E-463D-A408-19D250F879B9}.Debug|Any CPU.Build.0 = Debug|Any CPU
		{C7632EEF-3A8E-463D-A408-19D250F879B9}.Release|Any CPU.ActiveCfg = Release|Any CPU
		{C7632EEF-3A8E-463D-A408-19D250F879B9}.Release|Any CPU.Build.0 = Release|Any CPU
	EndGlobalSection
	GlobalSection(SolutionProperties) = preSolution
		HideSolutionNode = FALSE
	EndGlobalSection
	GlobalSection(ExtensibilityGlobals) = postSolution
		SolutionGuid = {0F508401-913F-4E03-9A6F-DCECC66E058A}
	EndGlobalSection
EndGlobal
